// !$*UTF8*$!
{
	archiveVersion = 1;
	classes = {
	};
	objectVersion = 50;
	objects = {

/* Begin PBXBuildFile section */
		8183CFF824D0EAD60063BE2E /* AppDelegate.swift in Sources */ = {isa = PBXBuildFile; fileRef = 8183CFF724D0EAD60063BE2E /* AppDelegate.swift */; };
		8183CFFA24D0EAD60063BE2E /* SceneDelegate.swift in Sources */ = {isa = PBXBuildFile; fileRef = 8183CFF924D0EAD60063BE2E /* SceneDelegate.swift */; };
		8183CFFC24D0EAD60063BE2E /* ContentView.swift in Sources */ = {isa = PBXBuildFile; fileRef = 8183CFFB24D0EAD60063BE2E /* ContentView.swift */; };
		8183CFFE24D0EAD70063BE2E /* Assets.xcassets in Resources */ = {isa = PBXBuildFile; fileRef = 8183CFFD24D0EAD70063BE2E /* Assets.xcassets */; };
		8183D00124D0EAD70063BE2E /* Preview Assets.xcassets in Resources */ = {isa = PBXBuildFile; fileRef = 8183D00024D0EAD70063BE2E /* Preview Assets.xcassets */; };
		8183D00424D0EAD70063BE2E /* LaunchScreen.storyboard in Resources */ = {isa = PBXBuildFile; fileRef = 8183D00224D0EAD70063BE2E /* LaunchScreen.storyboard */; };
		8183D00C24D0EBD00063BE2E /* BuildRow.swift in Sources */ = {isa = PBXBuildFile; fileRef = 8183D00B24D0EBD00063BE2E /* BuildRow.swift */; };
		8183D00E24D0EC030063BE2E /* BuildList.swift in Sources */ = {isa = PBXBuildFile; fileRef = 8183D00D24D0EC030063BE2E /* BuildList.swift */; };
		8183D01124D0EE890063BE2E /* buildData.json in Sources */ = {isa = PBXBuildFile; fileRef = 8183D01024D0EE890063BE2E /* buildData.json */; };
		8183D01424D0EEFE0063BE2E /* Build.swift in Sources */ = {isa = PBXBuildFile; fileRef = 8183D01324D0EEFE0063BE2E /* Build.swift */; };
		8183D01724D0F6210063BE2E /* Helper.swift in Sources */ = {isa = PBXBuildFile; fileRef = 8183D01624D0F6210063BE2E /* Helper.swift */; };
		8183D01B24D104E80063BE2E /* BuildDetail.swift in Sources */ = {isa = PBXBuildFile; fileRef = 8183D01A24D104E80063BE2E /* BuildDetail.swift */; };
		8183D01C24D1078D0063BE2E /* buildData.json in Resources */ = {isa = PBXBuildFile; fileRef = 8183D01024D0EE890063BE2E /* buildData.json */; };
		8183D01F24D10C3F0063BE2E /* FavouriteList.swift in Sources */ = {isa = PBXBuildFile; fileRef = 8183D01E24D10C3F0063BE2E /* FavouriteList.swift */; };
		81A04CD624D283A600E21B35 /* TestFile.swift in Sources */ = {isa = PBXBuildFile; fileRef = 81A04CD524D283A600E21B35 /* TestFile.swift */; };
		81A04CD824D286B300E21B35 /* BuildRowCo.swift in Sources */ = {isa = PBXBuildFile; fileRef = 81A04CD724D286B300E21B35 /* BuildRowCo.swift */; };
		81A04CDA24D28E6900E21B35 /* BuildListCo.swift in Sources */ = {isa = PBXBuildFile; fileRef = 81A04CD924D28E6900E21B35 /* BuildListCo.swift */; };
		81A04CDC24D2929100E21B35 /* BuildDetailCo.swift in Sources */ = {isa = PBXBuildFile; fileRef = 81A04CDB24D2929100E21B35 /* BuildDetailCo.swift */; };
		81A04CDE24D292D900E21B35 /* ContentViewCo.swift in Sources */ = {isa = PBXBuildFile; fileRef = 81A04CDD24D292D900E21B35 /* ContentViewCo.swift */; };
/* End PBXBuildFile section */

/* Begin PBXFileReference section */
		8183CFF424D0EAD60063BE2E /* Jhin-Build.app */ = {isa = PBXFileReference; explicitFileType = wrapper.application; includeInIndex = 0; path = "Jhin-Build.app"; sourceTree = BUILT_PRODUCTS_DIR; };
		8183CFF724D0EAD60063BE2E /* AppDelegate.swift */ = {isa = PBXFileReference; lastKnownFileType = sourcecode.swift; path = AppDelegate.swift; sourceTree = "<group>"; };
		8183CFF924D0EAD60063BE2E /* SceneDelegate.swift */ = {isa = PBXFileReference; lastKnownFileType = sourcecode.swift; path = SceneDelegate.swift; sourceTree = "<group>"; };
		8183CFFB24D0EAD60063BE2E /* ContentView.swift */ = {isa = PBXFileReference; lastKnownFileType = sourcecode.swift; path = ContentView.swift; sourceTree = "<group>"; };
		8183CFFD24D0EAD70063BE2E /* Assets.xcassets */ = {isa = PBXFileReference; lastKnownFileType = folder.assetcatalog; path = Assets.xcassets; sourceTree = "<group>"; };
		8183D00024D0EAD70063BE2E /* Preview Assets.xcassets */ = {isa = PBXFileReference; lastKnownFileType = folder.assetcatalog; path = "Preview Assets.xcassets"; sourceTree = "<group>"; };
		8183D00324D0EAD70063BE2E /* Base */ = {isa = PBXFileReference; lastKnownFileType = file.storyboard; name = Base; path = Base.lproj/LaunchScreen.storyboard; sourceTree = "<group>"; };
		8183D00524D0EAD70063BE2E /* Info.plist */ = {isa = PBXFileReference; lastKnownFileType = text.plist.xml; path = Info.plist; sourceTree = "<group>"; };
		8183D00B24D0EBD00063BE2E /* BuildRow.swift */ = {isa = PBXFileReference; lastKnownFileType = sourcecode.swift; path = BuildRow.swift; sourceTree = "<group>"; };
		8183D00D24D0EC030063BE2E /* BuildList.swift */ = {isa = PBXFileReference; lastKnownFileType = sourcecode.swift; path = BuildList.swift; sourceTree = "<group>"; };
		8183D01024D0EE890063BE2E /* buildData.json */ = {isa = PBXFileReference; lastKnownFileType = text.json; path = buildData.json; sourceTree = "<group>"; };
		8183D01324D0EEFE0063BE2E /* Build.swift */ = {isa = PBXFileReference; lastKnownFileType = sourcecode.swift; path = Build.swift; sourceTree = "<group>"; };
		8183D01624D0F6210063BE2E /* Helper.swift */ = {isa = PBXFileReference; lastKnownFileType = sourcecode.swift; path = Helper.swift; sourceTree = "<group>"; };
		8183D01A24D104E80063BE2E /* BuildDetail.swift */ = {isa = PBXFileReference; lastKnownFileType = sourcecode.swift; path = BuildDetail.swift; sourceTree = "<group>"; };
		8183D01E24D10C3F0063BE2E /* FavouriteList.swift */ = {isa = PBXFileReference; lastKnownFileType = sourcecode.swift; path = FavouriteList.swift; sourceTree = "<group>"; };
		81A04CD524D283A600E21B35 /* TestFile.swift */ = {isa = PBXFileReference; lastKnownFileType = sourcecode.swift; path = TestFile.swift; sourceTree = "<group>"; };
		81A04CD724D286B300E21B35 /* BuildRowCo.swift */ = {isa = PBXFileReference; lastKnownFileType = sourcecode.swift; path = BuildRowCo.swift; sourceTree = "<group>"; };
		81A04CD924D28E6900E21B35 /* BuildListCo.swift */ = {isa = PBXFileReference; lastKnownFileType = sourcecode.swift; path = BuildListCo.swift; sourceTree = "<group>"; };
		81A04CDB24D2929100E21B35 /* BuildDetailCo.swift */ = {isa = PBXFileReference; lastKnownFileType = sourcecode.swift; path = BuildDetailCo.swift; sourceTree = "<group>"; };
		81A04CDD24D292D900E21B35 /* ContentViewCo.swift */ = {isa = PBXFileReference; lastKnownFileType = sourcecode.swift; path = ContentViewCo.swift; sourceTree = "<group>"; };
/* End PBXFileReference section */

/* Begin PBXFrameworksBuildPhase section */
		8183CFF124D0EAD60063BE2E /* Frameworks */ = {
			isa = PBXFrameworksBuildPhase;
			buildActionMask = 2147483647;
			files = (
			);
			runOnlyForDeploymentPostprocessing = 0;
		};
/* End PBXFrameworksBuildPhase section */

/* Begin PBXGroup section */
		8183CFEB24D0EAD60063BE2E = {
			isa = PBXGroup;
			children = (
				8183CFF624D0EAD60063BE2E /* Jhin-Build */,
				8183CFF524D0EAD60063BE2E /* Products */,
			);
			sourceTree = "<group>";
		};
		8183CFF524D0EAD60063BE2E /* Products */ = {
			isa = PBXGroup;
			children = (
				8183CFF424D0EAD60063BE2E /* Jhin-Build.app */,
			);
			name = Products;
			sourceTree = "<group>";
		};
		8183CFF624D0EAD60063BE2E /* Jhin-Build */ = {
			isa = PBXGroup;
			children = (
				8183D01524D0F6190063BE2E /* Helper */,
				8183D01224D0EEF00063BE2E /* Model */,
				8183D00F24D0EE6E0063BE2E /* Resources */,
				8183CFF724D0EAD60063BE2E /* AppDelegate.swift */,
				8183CFF924D0EAD60063BE2E /* SceneDelegate.swift */,
				8183D01D24D10BCD0063BE2E /* Views */,
				8183CFFD24D0EAD70063BE2E /* Assets.xcassets */,
				8183D00224D0EAD70063BE2E /* LaunchScreen.storyboard */,
				8183D00524D0EAD70063BE2E /* Info.plist */,
				8183CFFF24D0EAD70063BE2E /* Preview Content */,
			);
			path = "Jhin-Build";
			sourceTree = "<group>";
		};
		8183CFFF24D0EAD70063BE2E /* Preview Content */ = {
			isa = PBXGroup;
			children = (
				8183D00024D0EAD70063BE2E /* Preview Assets.xcassets */,
			);
			path = "Preview Content";
			sourceTree = "<group>";
		};
		8183D00F24D0EE6E0063BE2E /* Resources */ = {
			isa = PBXGroup;
			children = (
				8183D01024D0EE890063BE2E /* buildData.json */,
			);
			path = Resources;
			sourceTree = "<group>";
		};
		8183D01224D0EEF00063BE2E /* Model */ = {
			isa = PBXGroup;
			children = (
				8183D01324D0EEFE0063BE2E /* Build.swift */,
			);
			path = Model;
			sourceTree = "<group>";
		};
		8183D01524D0F6190063BE2E /* Helper */ = {
			isa = PBXGroup;
			children = (
				8183D01624D0F6210063BE2E /* Helper.swift */,
			);
			path = Helper;
			sourceTree = "<group>";
		};
		8183D01D24D10BCD0063BE2E /* Views */ = {
			isa = PBXGroup;
			children = (
				8183CFFB24D0EAD60063BE2E /* ContentView.swift */,
				8183D01A24D104E80063BE2E /* BuildDetail.swift */,
				8183D00D24D0EC030063BE2E /* BuildList.swift */,
				8183D00B24D0EBD00063BE2E /* BuildRow.swift */,
				81A04CDD24D292D900E21B35 /* ContentViewCo.swift */,
				81A04CDB24D2929100E21B35 /* BuildDetailCo.swift */,
				81A04CD924D28E6900E21B35 /* BuildListCo.swift */,
				81A04CD724D286B300E21B35 /* BuildRowCo.swift */,
				8183D01E24D10C3F0063BE2E /* FavouriteList.swift */,
				81A04CD524D283A600E21B35 /* TestFile.swift */,
			);
			path = Views;
			sourceTree = "<group>";
		};
/* End PBXGroup section */

/* Begin PBXNativeTarget section */
		8183CFF324D0EAD60063BE2E /* Jhin-Build */ = {
			isa = PBXNativeTarget;
			buildConfigurationList = 8183D00824D0EAD70063BE2E /* Build configuration list for PBXNativeTarget "Jhin-Build" */;
			buildPhases = (
				8183CFF024D0EAD60063BE2E /* Sources */,
				8183CFF124D0EAD60063BE2E /* Frameworks */,
				8183CFF224D0EAD60063BE2E /* Resources */,
			);
			buildRules = (
			);
			dependencies = (
			);
			name = "Jhin-Build";
			productName = "Jhin-Build";
			productReference = 8183CFF424D0EAD60063BE2E /* Jhin-Build.app */;
			productType = "com.apple.product-type.application";
		};
/* End PBXNativeTarget section */

/* Begin PBXProject section */
		8183CFEC24D0EAD60063BE2E /* Project object */ = {
			isa = PBXProject;
			attributes = {
				LastSwiftUpdateCheck = 1160;
				LastUpgradeCheck = 1160;
				ORGANIZATIONNAME = "Siya Yang";
				TargetAttributes = {
					8183CFF324D0EAD60063BE2E = {
						CreatedOnToolsVersion = 11.6;
					};
				};
			};
			buildConfigurationList = 8183CFEF24D0EAD60063BE2E /* Build configuration list for PBXProject "Jhin-Build" */;
			compatibilityVersion = "Xcode 9.3";
			developmentRegion = en;
			hasScannedForEncodings = 0;
			knownRegions = (
				en,
				Base,
			);
			mainGroup = 8183CFEB24D0EAD60063BE2E;
			productRefGroup = 8183CFF524D0EAD60063BE2E /* Products */;
			projectDirPath = "";
			projectRoot = "";
			targets = (
				8183CFF324D0EAD60063BE2E /* Jhin-Build */,
			);
		};
/* End PBXProject section */

/* Begin PBXResourcesBuildPhase section */
		8183CFF224D0EAD60063BE2E /* Resources */ = {
			isa = PBXResourcesBuildPhase;
			buildActionMask = 2147483647;
			files = (
				8183D01C24D1078D0063BE2E /* buildData.json in Resources */,
				8183D00424D0EAD70063BE2E /* LaunchScreen.storyboard in Resources */,
				8183D00124D0EAD70063BE2E /* Preview Assets.xcassets in Resources */,
				8183CFFE24D0EAD70063BE2E /* Assets.xcassets in Resources */,
			);
			runOnlyForDeploymentPostprocessing = 0;
		};
/* End PBXResourcesBuildPhase section */

/* Begin PBXSourcesBuildPhase section */
		8183CFF024D0EAD60063BE2E /* Sources */ = {
			isa = PBXSourcesBuildPhase;
			buildActionMask = 2147483647;
			files = (
				8183D01124D0EE890063BE2E /* buildData.json in Sources */,
				8183D00C24D0EBD00063BE2E /* BuildRow.swift in Sources */,
				81A04CD624D283A600E21B35 /* TestFile.swift in Sources */,
				81A04CDC24D2929100E21B35 /* BuildDetailCo.swift in Sources */,
				81A04CDA24D28E6900E21B35 /* BuildListCo.swift in Sources */,
				8183CFF824D0EAD60063BE2E /* AppDelegate.swift in Sources */,
				8183D00E24D0EC030063BE2E /* BuildList.swift in Sources */,
				8183CFFA24D0EAD60063BE2E /* SceneDelegate.swift in Sources */,
				8183D01424D0EEFE0063BE2E /* Build.swift in Sources */,
				8183CFFC24D0EAD60063BE2E /* ContentView.swift in Sources */,
				8183D01F24D10C3F0063BE2E /* FavouriteList.swift in Sources */,
				81A04CDE24D292D900E21B35 /* ContentViewCo.swift in Sources */,
				81A04CD824D286B300E21B35 /* BuildRowCo.swift in Sources */,
				8183D01B24D104E80063BE2E /* BuildDetail.swift in Sources */,
				8183D01724D0F6210063BE2E /* Helper.swift in Sources */,
			);
			runOnlyForDeploymentPostprocessing = 0;
		};
/* End PBXSourcesBuildPhase section */

/* Begin PBXVariantGroup section */
		8183D00224D0EAD70063BE2E /* LaunchScreen.storyboard */ = {
			isa = PBXVariantGroup;
			children = (
				8183D00324D0EAD70063BE2E /* Base */,
			);
			name = LaunchScreen.storyboard;
			sourceTree = "<group>";
		};
/* End PBXVariantGroup section */

/* Begin XCBuildConfiguration section */
		8183D00624D0EAD70063BE2E /* Debug */ = {
			isa = XCBuildConfiguration;
			buildSettings = {
				ALWAYS_SEARCH_USER_PATHS = NO;
				CLANG_ANALYZER_NONNULL = YES;
				CLANG_ANALYZER_NUMBER_OBJECT_CONVERSION = YES_AGGRESSIVE;
				CLANG_CXX_LANGUAGE_STANDARD = "gnu++14";
				CLANG_CXX_LIBRARY = "libc++";
				CLANG_ENABLE_MODULES = YES;
				CLANG_ENABLE_OBJC_ARC = YES;
				CLANG_ENABLE_OBJC_WEAK = YES;
				CLANG_WARN_BLOCK_CAPTURE_AUTORELEASING = YES;
				CLANG_WARN_BOOL_CONVERSION = YES;
				CLANG_WARN_COMMA = YES;
				CLANG_WARN_CONSTANT_CONVERSION = YES;
				CLANG_WARN_DEPRECATED_OBJC_IMPLEMENTATIONS = YES;
				CLANG_WARN_DIRECT_OBJC_ISA_USAGE = YES_ERROR;
				CLANG_WARN_DOCUMENTATION_COMMENTS = YES;
				CLANG_WARN_EMPTY_BODY = YES;
				CLANG_WARN_ENUM_CONVERSION = YES;
				CLANG_WARN_INFINITE_RECURSION = YES;
				CLANG_WARN_INT_CONVERSION = YES;
				CLANG_WARN_NON_LITERAL_NULL_CONVERSION = YES;
				CLANG_WARN_OBJC_IMPLICIT_RETAIN_SELF = YES;
				CLANG_WARN_OBJC_LITERAL_CONVERSION = YES;
				CLANG_WARN_OBJC_ROOT_CLASS = YES_ERROR;
				CLANG_WARN_RANGE_LOOP_ANALYSIS = YES;
				CLANG_WARN_STRICT_PROTOTYPES = YES;
				CLANG_WARN_SUSPICIOUS_MOVE = YES;
				CLANG_WARN_UNGUARDED_AVAILABILITY = YES_AGGRESSIVE;
				CLANG_WARN_UNREACHABLE_CODE = YES;
				CLANG_WARN__DUPLICATE_METHOD_MATCH = YES;
				COPY_PHASE_STRIP = NO;
				DEBUG_INFORMATION_FORMAT = dwarf;
				ENABLE_STRICT_OBJC_MSGSEND = YES;
				ENABLE_TESTABILITY = YES;
				GCC_C_LANGUAGE_STANDARD = gnu11;
				GCC_DYNAMIC_NO_PIC = NO;
				GCC_NO_COMMON_BLOCKS = YES;
				GCC_OPTIMIZATION_LEVEL = 0;
				GCC_PREPROCESSOR_DEFINITIONS = (
					"DEBUG=1",
					"$(inherited)",
				);
				GCC_WARN_64_TO_32_BIT_CONVERSION = YES;
				GCC_WARN_ABOUT_RETURN_TYPE = YES_ERROR;
				GCC_WARN_UNDECLARED_SELECTOR = YES;
				GCC_WARN_UNINITIALIZED_AUTOS = YES_AGGRESSIVE;
				GCC_WARN_UNUSED_FUNCTION = YES;
				GCC_WARN_UNUSED_VARIABLE = YES;
				IPHONEOS_DEPLOYMENT_TARGET = 13.6;
				MTL_ENABLE_DEBUG_INFO = INCLUDE_SOURCE;
				MTL_FAST_MATH = YES;
				ONLY_ACTIVE_ARCH = YES;
				SDKROOT = iphoneos;
				SWIFT_ACTIVE_COMPILATION_CONDITIONS = DEBUG;
				SWIFT_OPTIMIZATION_LEVEL = "-Onone";
			};
			name = Debug;
		};
		8183D00724D0EAD70063BE2E /* Release */ = {
			isa = XCBuildConfiguration;
			buildSettings = {
				ALWAYS_SEARCH_USER_PATHS = NO;
				CLANG_ANALYZER_NONNULL = YES;
				CLANG_ANALYZER_NUMBER_OBJECT_CONVERSION = YES_AGGRESSIVE;
				CLANG_CXX_LANGUAGE_STANDARD = "gnu++14";
				CLANG_CXX_LIBRARY = "libc++";
				CLANG_ENABLE_MODULES = YES;
				CLANG_ENABLE_OBJC_ARC = YES;
				CLANG_ENABLE_OBJC_WEAK = YES;
				CLANG_WARN_BLOCK_CAPTURE_AUTORELEASING = YES;
				CLANG_WARN_BOOL_CONVERSION = YES;
				CLANG_WARN_COMMA = YES;
				CLANG_WARN_CONSTANT_CONVERSION = YES;
				CLANG_WARN_DEPRECATED_OBJC_IMPLEMENTATIONS = YES;
				CLANG_WARN_DIRECT_OBJC_ISA_USAGE = YES_ERROR;
				CLANG_WARN_DOCUMENTATION_COMMENTS = YES;
				CLANG_WARN_EMPTY_BODY = YES;
				CLANG_WARN_ENUM_CONVERSION = YES;
				CLANG_WARN_INFINITE_RECURSION = YES;
				CLANG_WARN_INT_CONVERSION = YES;
				CLANG_WARN_NON_LITERAL_NULL_CONVERSION = YES;
				CLANG_WARN_OBJC_IMPLICIT_RETAIN_SELF = YES;
				CLANG_WARN_OBJC_LITERAL_CONVERSION = YES;
				CLANG_WARN_OBJC_ROOT_CLASS = YES_ERROR;
				CLANG_WARN_RANGE_LOOP_ANALYSIS = YES;
				CLANG_WARN_STRICT_PROTOTYPES = YES;
				CLANG_WARN_SUSPICIOUS_MOVE = YES;
				CLANG_WARN_UNGUARDED_AVAILABILITY = YES_AGGRESSIVE;
				CLANG_WARN_UNREACHABLE_CODE = YES;
				CLANG_WARN__DUPLICATE_METHOD_MATCH = YES;
				COPY_PHASE_STRIP = NO;
				DEBUG_INFORMATION_FORMAT = "dwarf-with-dsym";
				ENABLE_NS_ASSERTIONS = NO;
				ENABLE_STRICT_OBJC_MSGSEND = YES;
				GCC_C_LANGUAGE_STANDARD = gnu11;
				GCC_NO_COMMON_BLOCKS = YES;
				GCC_WARN_64_TO_32_BIT_CONVERSION = YES;
				GCC_WARN_ABOUT_RETURN_TYPE = YES_ERROR;
				GCC_WARN_UNDECLARED_SELECTOR = YES;
				GCC_WARN_UNINITIALIZED_AUTOS = YES_AGGRESSIVE;
				GCC_WARN_UNUSED_FUNCTION = YES;
				GCC_WARN_UNUSED_VARIABLE = YES;
				IPHONEOS_DEPLOYMENT_TARGET = 13.6;
				MTL_ENABLE_DEBUG_INFO = NO;
				MTL_FAST_MATH = YES;
				SDKROOT = iphoneos;
				SWIFT_COMPILATION_MODE = wholemodule;
				SWIFT_OPTIMIZATION_LEVEL = "-O";
				VALIDATE_PRODUCT = YES;
			};
			name = Release;
		};
		8183D00924D0EAD70063BE2E /* Debug */ = {
			isa = XCBuildConfiguration;
			buildSettings = {
				ASSETCATALOG_COMPILER_APPICON_NAME = AppIcon;
				CODE_SIGN_STYLE = Automatic;
				DEVELOPMENT_ASSET_PATHS = "\"Jhin-Build/Preview Content\"";
				DEVELOPMENT_TEAM = SXQ5U937QX;
				ENABLE_PREVIEWS = YES;
				INFOPLIST_FILE = "Jhin-Build/Info.plist";
				LD_RUNPATH_SEARCH_PATHS = (
					"$(inherited)",
					"@executable_path/Frameworks",
				);
				PRODUCT_BUNDLE_IDENTIFIER = "Siya-Yang.Jhin-Build";
				PRODUCT_NAME = "$(TARGET_NAME)";
				SWIFT_VERSION = 5.0;
				TARGETED_DEVICE_FAMILY = "1,2";
			};
			name = Debug;
		};
		8183D00A24D0EAD70063BE2E /* Release */ = {
			isa = XCBuildConfiguration;
			buildSettings = {
				ASSETCATALOG_COMPILER_APPICON_NAME = AppIcon;
				CODE_SIGN_STYLE = Automatic;
				DEVELOPMENT_ASSET_PATHS = "\"Jhin-Build/Preview Content\"";
				DEVELOPMENT_TEAM = SXQ5U937QX;
				ENABLE_PREVIEWS = YES;
				INFOPLIST_FILE = "Jhin-Build/Info.plist";
				LD_RUNPATH_SEARCH_PATHS = (
					"$(inherited)",
					"@executable_path/Frameworks",
				);
				PRODUCT_BUNDLE_IDENTIFIER = "Siya-Yang.Jhin-Build";
				PRODUCT_NAME = "$(TARGET_NAME)";
				SWIFT_VERSION = 5.0;
				TARGETED_DEVICE_FAMILY = "1,2";
			};
			name = Release;
		};
/* End XCBuildConfiguration section */

/* Begin XCConfigurationList section */
		8183CFEF24D0EAD60063BE2E /* Build configuration list for PBXProject "Jhin-Build" */ = {
			isa = XCConfigurationList;
			buildConfigurations = (
				8183D00624D0EAD70063BE2E /* Debug */,
				8183D00724D0EAD70063BE2E /* Release */,
			);
			defaultConfigurationIsVisible = 0;
			defaultConfigurationName = Release;
		};
		8183D00824D0EAD70063BE2E /* Build configuration list for PBXNativeTarget "Jhin-Build" */ = {
			isa = XCConfigurationList;
			buildConfigurations = (
				8183D00924D0EAD70063BE2E /* Debug */,
				8183D00A24D0EAD70063BE2E /* Release */,
			);
			defaultConfigurationIsVisible = 0;
			defaultConfigurationName = Release;
		};
/* End XCConfigurationList section */
	};
	rootObject = 8183CFEC24D0EAD60063BE2E /* Project object */;
}
